
Microsoft Visual Studio Solution File, Format Version 12.00
# Visual Studio Version 17
VisualStudioVersion = 17.14.36623.8 d17.14
MinimumVisualStudioVersion = 10.0.40219.1
Project("{FAE04EC0-301F-11D3-BF4B-00C04F79EFBC}") = "Dodgeball", "Dodgeball\Dodgeball.csproj", "{E15F543D-BB60-4737-A6FF-236C51C0ADBF}"
EndProject
Global
	GlobalSection(SolutionConfigurationPlatforms) = preSolution
		Debug|Any CPU = Debug|Any CPU
		Release|Any CPU = Release|Any CPU
	EndGlobalSection
	GlobalSection(ProjectConfigurationPlatforms) = postSolution
		{E15F543D-BB60-4737-A6FF-236C51C0ADBF}.Debug|Any CPU.ActiveCfg = Debug|Any CPU
		{E15F543D-BB60-4737-A6FF-236C51C0ADBF}.Debug|Any CPU.Build.0 = Debug|Any CPU
		{E15F543D-BB60-4737-A6FF-236C51C0ADBF}.Release|Any CPU.ActiveCfg = Release|Any CPU
		{E15F543D-BB60-4737-A6FF-236C51C0ADBF}.Release|Any CPU.Build.0 = Release|Any CPU
	EndGlobalSection
	GlobalSection(SolutionProperties) = preSolution
		HideSolutionNode = FALSE
	EndGlobalSection
	GlobalSection(ExtensibilityGlobals) = postSolution
		SolutionGuid = {88C43A36-612E-4231-A2E7-BDDB7FED8957}
	EndGlobalSection
EndGlobal
